{
  "name": "@katkode/pointiv-extension-sdk",
  "version": "0.4.0",
  "lockfileVersion": 3,
  "requires": true,
  "packages": {
    "": {
      "name": "@katkode/pointiv-extension-sdk",
      "version": "0.4.0",
      "license": "MIT",
      "devDependencies": {
        "@extism/js-pdk": "^1.1.1",
        "typescript": "^5.8.3"
      },
      "peerDependencies": {
        "@extism/js-pdk": "^1.0.0"
      }
    },
    "node_modules/@extism/js-pdk": {
      "version": "1.1.1",
      "resolved": "https://registry.npmjs.org/@extism/js-pdk/-/js-pdk-1.1.1.tgz",
      "integrity": "sha512-VZLn/dX0ttA1uKk2PZeR/FL3N+nA1S5Vc7E5gdjkR60LuUIwCZT9cYON245V4HowHlBA7YOegh0TLjkx+wNbrA==",
      "dev": true,
      "license": "BSD-Clause-3",
      "dependencies": {
        "urlpattern-polyfill": "^8.0.2"
      }
    },
    "node_modules/typescript": {
      "version": "5.9.3",
      "resolved": "https://registry.npmjs.org/typescript/-/typescript-5.9.3.tgz",
      "integrity": "sha512-jl1vZzPDinLr9eUt3J/t7V6FgNEw9QjvBPdysz9KfQDD41fQrC2Y4vKQdiaUpFT4bXlb1RHhLpp8wtm6M5TgSw==",
      "dev": true,
      "license": "Apache-2.0",
      "bin": {
        "tsc": "bin/tsc",
        "tsserver": "bin/tsserver"
      },
      "engines": {
        "node": ">=14.17"
      }
    },
    "node_modules/urlpattern-polyfill": {
      "version": "8.0.2",
      "resolved": "https://registry.npmjs.org/urlpattern-polyfill/-/urlpattern-polyfill-8.0.2.tgz",
      "integrity": "sha512-Qp95D4TPJl1kC9SKigDcqgyM2VDVO4RiJc2d4qe5GrYm+zbIQCWWKAFaJNQ4BhdFeDGwBmAxqJBwWSJDb9T3BQ==",
      "dev": true,
      "license": "MIT"
    }
  }
}
